// !$*UTF8*$!
{
	archiveVersion = 1;
	classes = {
	};
	objectVersion = 50;
	objects = {

/* Begin PBXBuildFile section */
		C61413CD218B30220007B0B5 /* AppDelegate.swift in Sources */ = {isa = PBXBuildFile; fileRef = C61413CC218B30220007B0B5 /* AppDelegate.swift */; };
		C61413D4218B30220007B0B5 /* Main.storyboard in Resources */ = {isa = PBXBuildFile; fileRef = C61413D2218B30220007B0B5 /* Main.storyboard */; };
		C61413D6218B30250007B0B5 /* Assets.xcassets in Resources */ = {isa = PBXBuildFile; fileRef = C61413D5218B30250007B0B5 /* Assets.xcassets */; };
		C61413D9218B30250007B0B5 /* LaunchScreen.storyboard in Resources */ = {isa = PBXBuildFile; fileRef = C61413D7218B30250007B0B5 /* LaunchScreen.storyboard */; };
		C61413E6218B320D0007B0B5 /* GoogleService-Info.plist in Resources */ = {isa = PBXBuildFile; fileRef = C61413E5218B320D0007B0B5 /* GoogleService-Info.plist */; };
		C64841B9218B347700EFBF7F /* DataService.swift in Sources */ = {isa = PBXBuildFile; fileRef = C64841B8218B347700EFBF7F /* DataService.swift */; };
		C64841BB218B3D1C00EFBF7F /* AuthVC.swift in Sources */ = {isa = PBXBuildFile; fileRef = C64841BA218B3D1C00EFBF7F /* AuthVC.swift */; };
		C64841BD218B3D2C00EFBF7F /* LoginVC.swift in Sources */ = {isa = PBXBuildFile; fileRef = C64841BC218B3D2C00EFBF7F /* LoginVC.swift */; };
		C64841BF218B3DAD00EFBF7F /* InsetTextfield.swift in Sources */ = {isa = PBXBuildFile; fileRef = C64841BE218B3DAD00EFBF7F /* InsetTextfield.swift */; };
		C64841C1218B413C00EFBF7F /* ShadowView.swift in Sources */ = {isa = PBXBuildFile; fileRef = C64841C0218B413C00EFBF7F /* ShadowView.swift */; };
		C64841C3218B43FF00EFBF7F /* AuthService.swift in Sources */ = {isa = PBXBuildFile; fileRef = C64841C2218B43FF00EFBF7F /* AuthService.swift */; };
		C64841C5218B5D4500EFBF7F /* MeVC.swift in Sources */ = {isa = PBXBuildFile; fileRef = C64841C4218B5D4500EFBF7F /* MeVC.swift */; };
		C64841C7218B613200EFBF7F /* CreatePostVC.swift in Sources */ = {isa = PBXBuildFile; fileRef = C64841C6218B613200EFBF7F /* CreatePostVC.swift */; };
		C64841C9218B64E400EFBF7F /* UIViewExt.swift in Sources */ = {isa = PBXBuildFile; fileRef = C64841C8218B64E400EFBF7F /* UIViewExt.swift */; };
		C64841CB218B6AF900EFBF7F /* FeedCell.swift in Sources */ = {isa = PBXBuildFile; fileRef = C64841CA218B6AF900EFBF7F /* FeedCell.swift */; };
		C64841CD218B6C4400EFBF7F /* Message.swift in Sources */ = {isa = PBXBuildFile; fileRef = C64841CC218B6C4400EFBF7F /* Message.swift */; };
		C64841D0218B702900EFBF7F /* GroupsVC.swift in Sources */ = {isa = PBXBuildFile; fileRef = C64841CE218B702900EFBF7F /* GroupsVC.swift */; };
		C64841D1218B702900EFBF7F /* FeedVc.swift in Sources */ = {isa = PBXBuildFile; fileRef = C64841CF218B702900EFBF7F /* FeedVc.swift */; };
		C64841D3218BC2BD00EFBF7F /* CreateGroupsVC.swift in Sources */ = {isa = PBXBuildFile; fileRef = C64841D2218BC2BD00EFBF7F /* CreateGroupsVC.swift */; };
		C64841D5218BC42F00EFBF7F /* UserCell.swift in Sources */ = {isa = PBXBuildFile; fileRef = C64841D4218BC42F00EFBF7F /* UserCell.swift */; };
		C64841D7218CA3F500EFBF7F /* GroupCell.swift in Sources */ = {isa = PBXBuildFile; fileRef = C64841D6218CA3F500EFBF7F /* GroupCell.swift */; };
		FB59BEE05CF34D47BCC05829 /* Pods_Breakpoint.framework in Frameworks */ = {isa = PBXBuildFile; fileRef = 37032FD592EF73B734858390 /* Pods_Breakpoint.framework */; };
/* End PBXBuildFile section */

/* Begin PBXFileReference section */
		37032FD592EF73B734858390 /* Pods_Breakpoint.framework */ = {isa = PBXFileReference; explicitFileType = wrapper.framework; includeInIndex = 0; path = Pods_Breakpoint.framework; sourceTree = BUILT_PRODUCTS_DIR; };
		869D350A8473EF5A96027305 /* Pods-Breakpoint.release.xcconfig */ = {isa = PBXFileReference; includeInIndex = 1; lastKnownFileType = text.xcconfig; name = "Pods-Breakpoint.release.xcconfig"; path = "Pods/Target Support Files/Pods-Breakpoint/Pods-Breakpoint.release.xcconfig"; sourceTree = "<group>"; };
		B7D8ECD2F22AAA3DF231D729 /* Pods-Breakpoint.debug.xcconfig */ = {isa = PBXFileReference; includeInIndex = 1; lastKnownFileType = text.xcconfig; name = "Pods-Breakpoint.debug.xcconfig"; path = "Pods/Target Support Files/Pods-Breakpoint/Pods-Breakpoint.debug.xcconfig"; sourceTree = "<group>"; };
		C61413C9218B30220007B0B5 /* Breakpoint.app */ = {isa = PBXFileReference; explicitFileType = wrapper.application; includeInIndex = 0; path = Breakpoint.app; sourceTree = BUILT_PRODUCTS_DIR; };
		C61413CC218B30220007B0B5 /* AppDelegate.swift */ = {isa = PBXFileReference; lastKnownFileType = sourcecode.swift; path = AppDelegate.swift; sourceTree = "<group>"; };
		C61413D3218B30220007B0B5 /* Base */ = {isa = PBXFileReference; lastKnownFileType = file.storyboard; name = Base; path = Base.lproj/Main.storyboard; sourceTree = "<group>"; };
		C61413D5218B30250007B0B5 /* Assets.xcassets */ = {isa = PBXFileReference; lastKnownFileType = folder.assetcatalog; path = Assets.xcassets; sourceTree = "<group>"; };
		C61413D8218B30250007B0B5 /* Base */ = {isa = PBXFileReference; lastKnownFileType = file.storyboard; name = Base; path = Base.lproj/LaunchScreen.storyboard; sourceTree = "<group>"; };
		C61413DA218B30250007B0B5 /* Info.plist */ = {isa = PBXFileReference; lastKnownFileType = text.plist.xml; path = Info.plist; sourceTree = "<group>"; };
		C61413E5218B320D0007B0B5 /* GoogleService-Info.plist */ = {isa = PBXFileReference; fileEncoding = 4; lastKnownFileType = text.plist.xml; path = "GoogleService-Info.plist"; sourceTree = "<group>"; };
		C64841B8218B347700EFBF7F /* DataService.swift */ = {isa = PBXFileReference; lastKnownFileType = sourcecode.swift; path = DataService.swift; sourceTree = "<group>"; };
		C64841BA218B3D1C00EFBF7F /* AuthVC.swift */ = {isa = PBXFileReference; lastKnownFileType = sourcecode.swift; path = AuthVC.swift; sourceTree = "<group>"; };
		C64841BC218B3D2C00EFBF7F /* LoginVC.swift */ = {isa = PBXFileReference; lastKnownFileType = sourcecode.swift; path = LoginVC.swift; sourceTree = "<group>"; };
		C64841BE218B3DAD00EFBF7F /* InsetTextfield.swift */ = {isa = PBXFileReference; lastKnownFileType = sourcecode.swift; path = InsetTextfield.swift; sourceTree = "<group>"; };
		C64841C0218B413C00EFBF7F /* ShadowView.swift */ = {isa = PBXFileReference; lastKnownFileType = sourcecode.swift; path = ShadowView.swift; sourceTree = "<group>"; };
		C64841C2218B43FF00EFBF7F /* AuthService.swift */ = {isa = PBXFileReference; lastKnownFileType = sourcecode.swift; path = AuthService.swift; sourceTree = "<group>"; };
		C64841C4218B5D4500EFBF7F /* MeVC.swift */ = {isa = PBXFileReference; lastKnownFileType = sourcecode.swift; path = MeVC.swift; sourceTree = "<group>"; };
		C64841C6218B613200EFBF7F /* CreatePostVC.swift */ = {isa = PBXFileReference; lastKnownFileType = sourcecode.swift; path = CreatePostVC.swift; sourceTree = "<group>"; };
		C64841C8218B64E400EFBF7F /* UIViewExt.swift */ = {isa = PBXFileReference; lastKnownFileType = sourcecode.swift; path = UIViewExt.swift; sourceTree = "<group>"; };
		C64841CA218B6AF900EFBF7F /* FeedCell.swift */ = {isa = PBXFileReference; lastKnownFileType = sourcecode.swift; path = FeedCell.swift; sourceTree = "<group>"; };
		C64841CC218B6C4400EFBF7F /* Message.swift */ = {isa = PBXFileReference; lastKnownFileType = sourcecode.swift; path = Message.swift; sourceTree = "<group>"; };
		C64841CE218B702900EFBF7F /* GroupsVC.swift */ = {isa = PBXFileReference; fileEncoding = 4; lastKnownFileType = sourcecode.swift; path = GroupsVC.swift; sourceTree = "<group>"; };
		C64841CF218B702900EFBF7F /* FeedVc.swift */ = {isa = PBXFileReference; fileEncoding = 4; lastKnownFileType = sourcecode.swift; path = FeedVc.swift; sourceTree = "<group>"; };
		C64841D2218BC2BD00EFBF7F /* CreateGroupsVC.swift */ = {isa = PBXFileReference; lastKnownFileType = sourcecode.swift; path = CreateGroupsVC.swift; sourceTree = "<group>"; };
		C64841D4218BC42F00EFBF7F /* UserCell.swift */ = {isa = PBXFileReference; lastKnownFileType = sourcecode.swift; path = UserCell.swift; sourceTree = "<group>"; };
		C64841D6218CA3F500EFBF7F /* GroupCell.swift */ = {isa = PBXFileReference; lastKnownFileType = sourcecode.swift; path = GroupCell.swift; sourceTree = "<group>"; };
/* End PBXFileReference section */

/* Begin PBXFrameworksBuildPhase section */
		C61413C6218B30220007B0B5 /* Frameworks */ = {
			isa = PBXFrameworksBuildPhase;
			buildActionMask = 2147483647;
			files = (
				FB59BEE05CF34D47BCC05829 /* Pods_Breakpoint.framework in Frameworks */,
			);
			runOnlyForDeploymentPostprocessing = 0;
		};
/* End PBXFrameworksBuildPhase section */

/* Begin PBXGroup section */
		C61413C0218B30220007B0B5 = {
			isa = PBXGroup;
			children = (
				C61413CB218B30220007B0B5 /* Breakpoint */,
				C61413CA218B30220007B0B5 /* Products */,
				FDEBC881DD4C7B26F8342F8F /* Pods */,
				E39B98782F1859ABA7D3F870 /* Frameworks */,
			);
			sourceTree = "<group>";
		};
		C61413CA218B30220007B0B5 /* Products */ = {
			isa = PBXGroup;
			children = (
				C61413C9218B30220007B0B5 /* Breakpoint.app */,
			);
			name = Products;
			sourceTree = "<group>";
		};
		C61413CB218B30220007B0B5 /* Breakpoint */ = {
			isa = PBXGroup;
			children = (
				C61413E4218B31300007B0B5 /* Services */,
				C61413E3218B310C0007B0B5 /* Extensions */,
				C61413E2218B30E50007B0B5 /* Model */,
				C61413E1218B30DF0007B0B5 /* View */,
				C61413E0218B30D50007B0B5 /* Controller */,
				C61413CC218B30220007B0B5 /* AppDelegate.swift */,
				C64841CF218B702900EFBF7F /* FeedVc.swift */,
				C64841CE218B702900EFBF7F /* GroupsVC.swift */,
				C61413D2218B30220007B0B5 /* Main.storyboard */,
				C61413D5218B30250007B0B5 /* Assets.xcassets */,
				C61413D7218B30250007B0B5 /* LaunchScreen.storyboard */,
				C61413DA218B30250007B0B5 /* Info.plist */,
				C61413E5218B320D0007B0B5 /* GoogleService-Info.plist */,
			);
			path = Breakpoint;
			sourceTree = "<group>";
		};
		C61413E0218B30D50007B0B5 /* Controller */ = {
			isa = PBXGroup;
			children = (
				C64841BA218B3D1C00EFBF7F /* AuthVC.swift */,
				C64841BC218B3D2C00EFBF7F /* LoginVC.swift */,
				C64841C4218B5D4500EFBF7F /* MeVC.swift */,
				C64841C6218B613200EFBF7F /* CreatePostVC.swift */,
				C64841D2218BC2BD00EFBF7F /* CreateGroupsVC.swift */,
			);
			path = Controller;
			sourceTree = "<group>";
		};
		C61413E1218B30DF0007B0B5 /* View */ = {
			isa = PBXGroup;
			children = (
				C64841BE218B3DAD00EFBF7F /* InsetTextfield.swift */,
				C64841C0218B413C00EFBF7F /* ShadowView.swift */,
				C64841CA218B6AF900EFBF7F /* FeedCell.swift */,
				C64841D4218BC42F00EFBF7F /* UserCell.swift */,
				C64841D6218CA3F500EFBF7F /* GroupCell.swift */,
			);
			path = View;
			sourceTree = "<group>";
		};
		C61413E2218B30E50007B0B5 /* Model */ = {
			isa = PBXGroup;
			children = (
				C64841CC218B6C4400EFBF7F /* Message.swift */,
			);
			path = Model;
			sourceTree = "<group>";
		};
		C61413E3218B310C0007B0B5 /* Extensions */ = {
			isa = PBXGroup;
			children = (
				C64841C8218B64E400EFBF7F /* UIViewExt.swift */,
			);
			path = Extensions;
			sourceTree = "<group>";
		};
		C61413E4218B31300007B0B5 /* Services */ = {
			isa = PBXGroup;
			children = (
				C64841B8218B347700EFBF7F /* DataService.swift */,
				C64841C2218B43FF00EFBF7F /* AuthService.swift */,
			);
			path = Services;
			sourceTree = "<group>";
		};
		E39B98782F1859ABA7D3F870 /* Frameworks */ = {
			isa = PBXGroup;
			children = (
				37032FD592EF73B734858390 /* Pods_Breakpoint.framework */,
			);
			name = Frameworks;
			sourceTree = "<group>";
		};
		FDEBC881DD4C7B26F8342F8F /* Pods */ = {
			isa = PBXGroup;
			children = (
				B7D8ECD2F22AAA3DF231D729 /* Pods-Breakpoint.debug.xcconfig */,
				869D350A8473EF5A96027305 /* Pods-Breakpoint.release.xcconfig */,
			);
			name = Pods;
			sourceTree = "<group>";
		};
/* End PBXGroup section */

/* Begin PBXNativeTarget section */
		C61413C8218B30220007B0B5 /* Breakpoint */ = {
			isa = PBXNativeTarget;
			buildConfigurationList = C61413DD218B30250007B0B5 /* Build configuration list for PBXNativeTarget "Breakpoint" */;
			buildPhases = (
				DCAD15A9050A1FE67DE47213 /* [CP] Check Pods Manifest.lock */,
				C61413C5218B30220007B0B5 /* Sources */,
				C61413C6218B30220007B0B5 /* Frameworks */,
				C61413C7218B30220007B0B5 /* Resources */,
				E0BCF00FCB043079E45E912B /* [CP] Embed Pods Frameworks */,
			);
			buildRules = (
			);
			dependencies = (
			);
			name = Breakpoint;
			productName = Breakpoint;
			productReference = C61413C9218B30220007B0B5 /* Breakpoint.app */;
			productType = "com.apple.product-type.application";
		};
/* End PBXNativeTarget section */

/* Begin PBXProject section */
		C61413C1218B30220007B0B5 /* Project object */ = {
			isa = PBXProject;
			attributes = {
				LastSwiftUpdateCheck = 1010;
				LastUpgradeCheck = 1010;
				ORGANIZATIONNAME = Hopeli;
				TargetAttributes = {
					C61413C8218B30220007B0B5 = {
						CreatedOnToolsVersion = 10.1;
					};
				};
			};
			buildConfigurationList = C61413C4218B30220007B0B5 /* Build configuration list for PBXProject "Breakpoint" */;
			compatibilityVersion = "Xcode 9.3";
			developmentRegion = en;
			hasScannedForEncodings = 0;
			knownRegions = (
				en,
				Base,
			);
			mainGroup = C61413C0218B30220007B0B5;
			productRefGroup = C61413CA218B30220007B0B5 /* Products */;
			projectDirPath = "";
			projectRoot = "";
			targets = (
				C61413C8218B30220007B0B5 /* Breakpoint */,
			);
		};
/* End PBXProject section */

/* Begin PBXResourcesBuildPhase section */
		C61413C7218B30220007B0B5 /* Resources */ = {
			isa = PBXResourcesBuildPhase;
			buildActionMask = 2147483647;
			files = (
				C61413D9218B30250007B0B5 /* LaunchScreen.storyboard in Resources */,
				C61413E6218B320D0007B0B5 /* GoogleService-Info.plist in Resources */,
				C61413D6218B30250007B0B5 /* Assets.xcassets in Resources */,
				C61413D4218B30220007B0B5 /* Main.storyboard in Resources */,
			);
			runOnlyForDeploymentPostprocessing = 0;
		};
/* End PBXResourcesBuildPhase section */

/* Begin PBXShellScriptBuildPhase section */
		DCAD15A9050A1FE67DE47213 /* [CP] Check Pods Manifest.lock */ = {
			isa = PBXShellScriptBuildPhase;
			buildActionMask = 2147483647;
			files = (
			);
			inputFileListPaths = (
			);
			inputPaths = (
				"${PODS_PODFILE_DIR_PATH}/Podfile.lock",
				"${PODS_ROOT}/Manifest.lock",
			);
			name = "[CP] Check Pods Manifest.lock";
			outputFileListPaths = (
			);
			outputPaths = (
				"$(DERIVED_FILE_DIR)/Pods-Breakpoint-checkManifestLockResult.txt",
			);
			runOnlyForDeploymentPostprocessing = 0;
			shellPath = /bin/sh;
			shellScript = "diff \"${PODS_PODFILE_DIR_PATH}/Podfile.lock\" \"${PODS_ROOT}/Manifest.lock\" > /dev/null\nif [ $? != 0 ] ; then\n    # print error to STDERR\n    echo \"error: The sandbox is not in sync with the Podfile.lock. Run 'pod install' or update your CocoaPods installation.\" >&2\n    exit 1\nfi\n# This output is used by Xcode 'outputs' to avoid re-running this script phase.\necho \"SUCCESS\" > \"${SCRIPT_OUTPUT_FILE_0}\"\n";
			showEnvVarsInLog = 0;
		};
		E0BCF00FCB043079E45E912B /* [CP] Embed Pods Frameworks */ = {
			isa = PBXShellScriptBuildPhase;
			buildActionMask = 2147483647;
			files = (
			);
			inputFileListPaths = (
			);
			inputPaths = (
				"${SRCROOT}/Pods/Target Support Files/Pods-Breakpoint/Pods-Breakpoint-frameworks.sh",
				"${BUILT_PRODUCTS_DIR}/GTMSessionFetcher/GTMSessionFetcher.framework",
				"${BUILT_PRODUCTS_DIR}/GoogleUtilities/GoogleUtilities.framework",
				"${BUILT_PRODUCTS_DIR}/leveldb-library/leveldb.framework",
				"${BUILT_PRODUCTS_DIR}/nanopb/nanopb.framework",
			);
			name = "[CP] Embed Pods Frameworks";
			outputFileListPaths = (
			);
			outputPaths = (
				"${TARGET_BUILD_DIR}/${FRAMEWORKS_FOLDER_PATH}/GTMSessionFetcher.framework",
				"${TARGET_BUILD_DIR}/${FRAMEWORKS_FOLDER_PATH}/GoogleUtilities.framework",
				"${TARGET_BUILD_DIR}/${FRAMEWORKS_FOLDER_PATH}/leveldb.framework",
				"${TARGET_BUILD_DIR}/${FRAMEWORKS_FOLDER_PATH}/nanopb.framework",
			);
			runOnlyForDeploymentPostprocessing = 0;
			shellPath = /bin/sh;
			shellScript = "\"${SRCROOT}/Pods/Target Support Files/Pods-Breakpoint/Pods-Breakpoint-frameworks.sh\"\n";
			showEnvVarsInLog = 0;
		};
/* End PBXShellScriptBuildPhase section */

/* Begin PBXSourcesBuildPhase section */
		C61413C5218B30220007B0B5 /* Sources */ = {
			isa = PBXSourcesBuildPhase;
			buildActionMask = 2147483647;
			files = (
				C64841C9218B64E400EFBF7F /* UIViewExt.swift in Sources */,
				C64841CB218B6AF900EFBF7F /* FeedCell.swift in Sources */,
				C64841C5218B5D4500EFBF7F /* MeVC.swift in Sources */,
				C64841D7218CA3F500EFBF7F /* GroupCell.swift in Sources */,
				C64841BB218B3D1C00EFBF7F /* AuthVC.swift in Sources */,
				C64841D1218B702900EFBF7F /* FeedVc.swift in Sources */,
				C64841BD218B3D2C00EFBF7F /* LoginVC.swift in Sources */,
				C64841C3218B43FF00EFBF7F /* AuthService.swift in Sources */,
				C64841D3218BC2BD00EFBF7F /* CreateGroupsVC.swift in Sources */,
				C64841D5218BC42F00EFBF7F /* UserCell.swift in Sources */,
				C61413CD218B30220007B0B5 /* AppDelegate.swift in Sources */,
				C64841C1218B413C00EFBF7F /* ShadowView.swift in Sources */,
				C64841D0218B702900EFBF7F /* GroupsVC.swift in Sources */,
				C64841C7218B613200EFBF7F /* CreatePostVC.swift in Sources */,
				C64841B9218B347700EFBF7F /* DataService.swift in Sources */,
				C64841BF218B3DAD00EFBF7F /* InsetTextfield.swift in Sources */,
				C64841CD218B6C4400EFBF7F /* Message.swift in Sources */,
			);
			runOnlyForDeploymentPostprocessing = 0;
		};
/* End PBXSourcesBuildPhase section */

/* Begin PBXVariantGroup section */
		C61413D2218B30220007B0B5 /* Main.storyboard */ = {
			isa = PBXVariantGroup;
			children = (
				C61413D3218B30220007B0B5 /* Base */,
			);
			name = Main.storyboard;
			sourceTree = "<group>";
		};
		C61413D7218B30250007B0B5 /* LaunchScreen.storyboard */ = {
			isa = PBXVariantGroup;
			children = (
				C61413D8218B30250007B0B5 /* Base */,
			);
			name = LaunchScreen.storyboard;
			sourceTree = "<group>";
		};
/* End PBXVariantGroup section */

/* Begin XCBuildConfiguration section */
		C61413DB218B30250007B0B5 /* Debug */ = {
			isa = XCBuildConfiguration;
			buildSettings = {
				ALWAYS_SEARCH_USER_PATHS = NO;
				CLANG_ANALYZER_NONNULL = YES;
				CLANG_ANALYZER_NUMBER_OBJECT_CONVERSION = YES_AGGRESSIVE;
				CLANG_CXX_LANGUAGE_STANDARD = "gnu++14";
				CLANG_CXX_LIBRARY = "libc++";
				CLANG_ENABLE_MODULES = YES;
				CLANG_ENABLE_OBJC_ARC = YES;
				CLANG_ENABLE_OBJC_WEAK = YES;
				CLANG_WARN_BLOCK_CAPTURE_AUTORELEASING = YES;
				CLANG_WARN_BOOL_CONVERSION = YES;
				CLANG_WARN_COMMA = YES;
				CLANG_WARN_CONSTANT_CONVERSION = YES;
				CLANG_WARN_DEPRECATED_OBJC_IMPLEMENTATIONS = YES;
				CLANG_WARN_DIRECT_OBJC_ISA_USAGE = YES_ERROR;
				CLANG_WARN_DOCUMENTATION_COMMENTS = YES;
				CLANG_WARN_EMPTY_BODY = YES;
				CLANG_WARN_ENUM_CONVERSION = YES;
				CLANG_WARN_INFINITE_RECURSION = YES;
				CLANG_WARN_INT_CONVERSION = YES;
				CLANG_WARN_NON_LITERAL_NULL_CONVERSION = YES;
				CLANG_WARN_OBJC_IMPLICIT_RETAIN_SELF = YES;
				CLANG_WARN_OBJC_LITERAL_CONVERSION = YES;
				CLANG_WARN_OBJC_ROOT_CLASS = YES_ERROR;
				CLANG_WARN_RANGE_LOOP_ANALYSIS = YES;
				CLANG_WARN_STRICT_PROTOTYPES = YES;
				CLANG_WARN_SUSPICIOUS_MOVE = YES;
				CLANG_WARN_UNGUARDED_AVAILABILITY = YES_AGGRESSIVE;
				CLANG_WARN_UNREACHABLE_CODE = YES;
				CLANG_WARN__DUPLICATE_METHOD_MATCH = YES;
				CODE_SIGN_IDENTITY = "iPhone Developer";
				COPY_PHASE_STRIP = NO;
				DEBUG_INFORMATION_FORMAT = dwarf;
				ENABLE_STRICT_OBJC_MSGSEND = YES;
				ENABLE_TESTABILITY = YES;
				GCC_C_LANGUAGE_STANDARD = gnu11;
				GCC_DYNAMIC_NO_PIC = NO;
				GCC_NO_COMMON_BLOCKS = YES;
				GCC_OPTIMIZATION_LEVEL = 0;
				GCC_PREPROCESSOR_DEFINITIONS = (
					"DEBUG=1",
					"$(inherited)",
				);
				GCC_WARN_64_TO_32_BIT_CONVERSION = YES;
				GCC_WARN_ABOUT_RETURN_TYPE = YES_ERROR;
				GCC_WARN_UNDECLARED_SELECTOR = YES;
				GCC_WARN_UNINITIALIZED_AUTOS = YES_AGGRESSIVE;
				GCC_WARN_UNUSED_FUNCTION = YES;
				GCC_WARN_UNUSED_VARIABLE = YES;
				IPHONEOS_DEPLOYMENT_TARGET = 12.1;
				MTL_ENABLE_DEBUG_INFO = INCLUDE_SOURCE;
				MTL_FAST_MATH = YES;
				ONLY_ACTIVE_ARCH = YES;
				SDKROOT = iphoneos;
				SWIFT_ACTIVE_COMPILATION_CONDITIONS = DEBUG;
				SWIFT_OPTIMIZATION_LEVEL = "-Onone";
			};
			name = Debug;
		};
		C61413DC218B30250007B0B5 /* Release */ = {
			isa = XCBuildConfiguration;
			buildSettings = {
				ALWAYS_SEARCH_USER_PATHS = NO;
				CLANG_ANALYZER_NONNULL = YES;
				CLANG_ANALYZER_NUMBER_OBJECT_CONVERSION = YES_AGGRESSIVE;
				CLANG_CXX_LANGUAGE_STANDARD = "gnu++14";
				CLANG_CXX_LIBRARY = "libc++";
				CLANG_ENABLE_MODULES = YES;
				CLANG_ENABLE_OBJC_ARC = YES;
				CLANG_ENABLE_OBJC_WEAK = YES;
				CLANG_WARN_BLOCK_CAPTURE_AUTORELEASING = YES;
				CLANG_WARN_BOOL_CONVERSION = YES;
				CLANG_WARN_COMMA = YES;
				CLANG_WARN_CONSTANT_CONVERSION = YES;
				CLANG_WARN_DEPRECATED_OBJC_IMPLEMENTATIONS = YES;
				CLANG_WARN_DIRECT_OBJC_ISA_USAGE = YES_ERROR;
				CLANG_WARN_DOCUMENTATION_COMMENTS = YES;
				CLANG_WARN_EMPTY_BODY = YES;
				CLANG_WARN_ENUM_CONVERSION = YES;
				CLANG_WARN_INFINITE_RECURSION = YES;
				CLANG_WARN_INT_CONVERSION = YES;
				CLANG_WARN_NON_LITERAL_NULL_CONVERSION = YES;
				CLANG_WARN_OBJC_IMPLICIT_RETAIN_SELF = YES;
				CLANG_WARN_OBJC_LITERAL_CONVERSION = YES;
				CLANG_WARN_OBJC_ROOT_CLASS = YES_ERROR;
				CLANG_WARN_RANGE_LOOP_ANALYSIS = YES;
				CLANG_WARN_STRICT_PROTOTYPES = YES;
				CLANG_WARN_SUSPICIOUS_MOVE = YES;
				CLANG_WARN_UNGUARDED_AVAILABILITY = YES_AGGRESSIVE;
				CLANG_WARN_UNREACHABLE_CODE = YES;
				CLANG_WARN__DUPLICATE_METHOD_MATCH = YES;
				CODE_SIGN_IDENTITY = "iPhone Developer";
				COPY_PHASE_STRIP = NO;
				DEBUG_INFORMATION_FORMAT = "dwarf-with-dsym";
				ENABLE_NS_ASSERTIONS = NO;
				ENABLE_STRICT_OBJC_MSGSEND = YES;
				GCC_C_LANGUAGE_STANDARD = gnu11;
				GCC_NO_COMMON_BLOCKS = YES;
				GCC_WARN_64_TO_32_BIT_CONVERSION = YES;
				GCC_WARN_ABOUT_RETURN_TYPE = YES_ERROR;
				GCC_WARN_UNDECLARED_SELECTOR = YES;
				GCC_WARN_UNINITIALIZED_AUTOS = YES_AGGRESSIVE;
				GCC_WARN_UNUSED_FUNCTION = YES;
				GCC_WARN_UNUSED_VARIABLE = YES;
				IPHONEOS_DEPLOYMENT_TARGET = 12.1;
				MTL_ENABLE_DEBUG_INFO = NO;
				MTL_FAST_MATH = YES;
				SDKROOT = iphoneos;
				SWIFT_COMPILATION_MODE = wholemodule;
				SWIFT_OPTIMIZATION_LEVEL = "-O";
				VALIDATE_PRODUCT = YES;
			};
			name = Release;
		};
		C61413DE218B30250007B0B5 /* Debug */ = {
			isa = XCBuildConfiguration;
			baseConfigurationReference = B7D8ECD2F22AAA3DF231D729 /* Pods-Breakpoint.debug.xcconfig */;
			buildSettings = {
				ASSETCATALOG_COMPILER_APPICON_NAME = AppIcon;
				CODE_SIGN_STYLE = Automatic;
				DEVELOPMENT_TEAM = 6Z6486ZWCC;
				INFOPLIST_FILE = Breakpoint/Info.plist;
				LD_RUNPATH_SEARCH_PATHS = (
					"$(inherited)",
					"@executable_path/Frameworks",
				);
				PRODUCT_BUNDLE_IDENTIFIER = at.hopeli.Breakpoint;
				PRODUCT_NAME = "$(TARGET_NAME)";
				SWIFT_VERSION = 4.2;
				TARGETED_DEVICE_FAMILY = "1,2";
			};
			name = Debug;
		};
		C61413DF218B30250007B0B5 /* Release */ = {
			isa = XCBuildConfiguration;
			baseConfigurationReference = 869D350A8473EF5A96027305 /* Pods-Breakpoint.release.xcconfig */;
			buildSettings = {
				ASSETCATALOG_COMPILER_APPICON_NAME = AppIcon;
				CODE_SIGN_STYLE = Automatic;
				DEVELOPMENT_TEAM = 6Z6486ZWCC;
				INFOPLIST_FILE = Breakpoint/Info.plist;
				LD_RUNPATH_SEARCH_PATHS = (
					"$(inherited)",
					"@executable_path/Frameworks",
				);
				PRODUCT_BUNDLE_IDENTIFIER = at.hopeli.Breakpoint;
				PRODUCT_NAME = "$(TARGET_NAME)";
				SWIFT_VERSION = 4.2;
				TARGETED_DEVICE_FAMILY = "1,2";
			};
			name = Release;
		};
/* End XCBuildConfiguration section */

/* Begin XCConfigurationList section */
		C61413C4218B30220007B0B5 /* Build configuration list for PBXProject "Breakpoint" */ = {
			isa = XCConfigurationList;
			buildConfigurations = (
				C61413DB218B30250007B0B5 /* Debug */,
				C61413DC218B30250007B0B5 /* Release */,
			);
			defaultConfigurationIsVisible = 0;
			defaultConfigurationName = Release;
		};
		C61413DD218B30250007B0B5 /* Build configuration list for PBXNativeTarget "Breakpoint" */ = {
			isa = XCConfigurationList;
			buildConfigurations = (
				C61413DE218B30250007B0B5 /* Debug */,
				C61413DF218B30250007B0B5 /* Release */,
			);
			defaultConfigurationIsVisible = 0;
			defaultConfigurationName = Release;
		};
/* End XCConfigurationList section */
	};
	rootObject = C61413C1218B30220007B0B5 /* Project object */;
}
